
Microsoft Visual Studio Solution File, Format Version 12.00
# Visual Studio 15
VisualStudioVersion = 15.0.27703.2026
MinimumVisualStudioVersion = 10.0.40219.1
Project("{FAE04EC0-301F-11D3-BF4B-00C04F79EFBC}") = "eBikesWebApp", "eBikesWebApp\eBikesWebApp.csproj", "{23AF517E-4030-4964-B663-B325CBD8B871}"
EndProject
Project("{FAE04EC0-301F-11D3-BF4B-00C04F79EFBC}") = "eBikesSystem", "eBikesSystem\eBikesSystem.csproj", "{D12E62E3-953C-43A5-98A5-73F92B684D1A}"
EndProject
Project("{FAE04EC0-301F-11D3-BF4B-00C04F79EFBC}") = "eBikesData", "eBikesData\eBikesData.csproj", "{DCCC6028-0E29-4CD1-853A-5AE151F6956C}"
EndProject
Global
	GlobalSection(SolutionConfigurationPlatforms) = preSolution
		Debug|Any CPU = Debug|Any CPU
		Release|Any CPU = Release|Any CPU
	EndGlobalSection
	GlobalSection(ProjectConfigurationPlatforms) = postSolution
		{23AF517E-4030-4964-B663-B325CBD8B871}.Debug|Any CPU.ActiveCfg = Debug|Any CPU
		{23AF517E-4030-4964-B663-B325CBD8B871}.Debug|Any CPU.Build.0 = Debug|Any CPU
		{23AF517E-4030-4964-B663-B325CBD8B871}.Release|Any CPU.ActiveCfg = Release|Any CPU
		{23AF517E-4030-4964-B663-B325CBD8B871}.Release|Any CPU.Build.0 = Release|Any CPU
		{D12E62E3-953C-43A5-98A5-73F92B684D1A}.Debug|Any CPU.ActiveCfg = Debug|Any CPU
		{D12E62E3-953C-43A5-98A5-73F92B684D1A}.Debug|Any CPU.Build.0 = Debug|Any CPU
		{D12E62E3-953C-43A5-98A5-73F92B684D1A}.Release|Any CPU.ActiveCfg = Release|Any CPU
		{D12E62E3-953C-43A5-98A5-73F92B684D1A}.Release|Any CPU.Build.0 = Release|Any CPU
		{DCCC6028-0E29-4CD1-853A-5AE151F6956C}.Debug|Any CPU.ActiveCfg = Debug|Any CPU
		{DCCC6028-0E29-4CD1-853A-5AE151F6956C}.Debug|Any CPU.Build.0 = Debug|Any CPU
		{DCCC6028-0E29-4CD1-853A-5AE151F6956C}.Release|Any CPU.ActiveCfg = Release|Any CPU
		{DCCC6028-0E29-4CD1-853A-5AE151F6956C}.Release|Any CPU.Build.0 = Release|Any CPU
	EndGlobalSection
	GlobalSection(SolutionProperties) = preSolution
		HideSolutionNode = FALSE
	EndGlobalSection
	GlobalSection(ExtensibilityGlobals) = postSolution
		SolutionGuid = {62750BEA-8DAE-4008-A3B5-2072160E90B4}
	EndGlobalSection
EndGlobal
